
Microsoft Visual Studio Solution File, Format Version 12.00
# Visual Studio 2013
VisualStudioVersion = 12.0.31101.0
MinimumVisualStudioVersion = 10.0.40219.1
Project("{FAE04EC0-301F-11D3-BF4B-00C04F79EFBC}") = "Lib_Data", "Lib_Data\Lib_Data.csproj", "{CEBC451B-BBF9-4137-9336-44B615F8389C}"
EndProject
Project("{FAE04EC0-301F-11D3-BF4B-00C04F79EFBC}") = "Lib_Negocio", "Lib_Negocio\Lib_Negocio.csproj", "{1062A505-1EB4-4466-AB06-64AB46CCCF66}"
EndProject
Project("{FAE04EC0-301F-11D3-BF4B-00C04F79EFBC}") = "Lib_Utilitarios", "Lib_Utilitarios\Lib_Utilitarios.csproj", "{E8191B71-8BF5-44E1-98C6-60FFD61C65A5}"
EndProject
Project("{FAE04EC0-301F-11D3-BF4B-00C04F79EFBC}") = "Lib_Entidad", "Lib_Entidad\Lib_Entidad.csproj", "{7A9A0ECF-6ADE-4800-AC36-8FC1AC29B0AD}"
EndProject
Project("{FAE04EC0-301F-11D3-BF4B-00C04F79EFBC}") = "SPP", "SPP\SPP.csproj", "{7CEE2A91-3E45-49C9-8785-E6A1D9B62B21}"
EndProject
Global
	GlobalSection(SolutionConfigurationPlatforms) = preSolution
		Debug|Any CPU = Debug|Any CPU
		Release|Any CPU = Release|Any CPU
	EndGlobalSection
	GlobalSection(ProjectConfigurationPlatforms) = postSolution
		{CEBC451B-BBF9-4137-9336-44B615F8389C}.Debug|Any CPU.ActiveCfg = Debug|Any CPU
		{CEBC451B-BBF9-4137-9336-44B615F8389C}.Debug|Any CPU.Build.0 = Debug|Any CPU
		{CEBC451B-BBF9-4137-9336-44B615F8389C}.Release|Any CPU.ActiveCfg = Release|Any CPU
		{CEBC451B-BBF9-4137-9336-44B615F8389C}.Release|Any CPU.Build.0 = Release|Any CPU
		{1062A505-1EB4-4466-AB06-64AB46CCCF66}.Debug|Any CPU.ActiveCfg = Debug|Any CPU
		{1062A505-1EB4-4466-AB06-64AB46CCCF66}.Debug|Any CPU.Build.0 = Debug|Any CPU
		{1062A505-1EB4-4466-AB06-64AB46CCCF66}.Release|Any CPU.ActiveCfg = Release|Any CPU
		{1062A505-1EB4-4466-AB06-64AB46CCCF66}.Release|Any CPU.Build.0 = Release|Any CPU
		{E8191B71-8BF5-44E1-98C6-60FFD61C65A5}.Debug|Any CPU.ActiveCfg = Debug|Any CPU
		{E8191B71-8BF5-44E1-98C6-60FFD61C65A5}.Debug|Any CPU.Build.0 = Debug|Any CPU
		{E8191B71-8BF5-44E1-98C6-60FFD61C65A5}.Release|Any CPU.ActiveCfg = Release|Any CPU
		{E8191B71-8BF5-44E1-98C6-60FFD61C65A5}.Release|Any CPU.Build.0 = Release|Any CPU
		{7A9A0ECF-6ADE-4800-AC36-8FC1AC29B0AD}.Debug|Any CPU.ActiveCfg = Debug|Any CPU
		{7A9A0ECF-6ADE-4800-AC36-8FC1AC29B0AD}.Debug|Any CPU.Build.0 = Debug|Any CPU
		{7A9A0ECF-6ADE-4800-AC36-8FC1AC29B0AD}.Release|Any CPU.ActiveCfg = Release|Any CPU
		{7A9A0ECF-6ADE-4800-AC36-8FC1AC29B0AD}.Release|Any CPU.Build.0 = Release|Any CPU
		{7CEE2A91-3E45-49C9-8785-E6A1D9B62B21}.Debug|Any CPU.ActiveCfg = Debug|Any CPU
		{7CEE2A91-3E45-49C9-8785-E6A1D9B62B21}.Debug|Any CPU.Build.0 = Debug|Any CPU
		{7CEE2A91-3E45-49C9-8785-E6A1D9B62B21}.Release|Any CPU.ActiveCfg = Release|Any CPU
		{7CEE2A91-3E45-49C9-8785-E6A1D9B62B21}.Release|Any CPU.Build.0 = Release|Any CPU
	EndGlobalSection
	GlobalSection(SolutionProperties) = preSolution
		HideSolutionNode = FALSE
	EndGlobalSection
EndGlobal
